
Microsoft Visual Studio Solution File, Format Version 12.00
# Visual Studio Version 17
VisualStudioVersion = 17.8.34316.72
MinimumVisualStudioVersion = 10.0.40219.1
Project("{8BC9CEB8-8B4A-11D0-8D11-00A0C91BC942}") = "Project6", "Project6.vcxproj", "{2018D72E-02DE-4E1A-A88C-E71D8CE8EAFF}"
EndProject
Global
	GlobalSection(SolutionConfigurationPlatforms) = preSolution
		Debug|x64 = Debug|x64
		Debug|x86 = Debug|x86
		Release|x64 = Release|x64
		Release|x86 = Release|x86
	EndGlobalSection
	GlobalSection(ProjectConfigurationPlatforms) = postSolution
		{2018D72E-02DE-4E1A-A88C-E71D8CE8EAFF}.Debug|x64.ActiveCfg = Debug|x64
		{2018D72E-02DE-4E1A-A88C-E71D8CE8EAFF}.Debug|x64.Build.0 = Debug|x64
		{2018D72E-02DE-4E1A-A88C-E71D8CE8EAFF}.Debug|x86.ActiveCfg = Debug|Win32
		{2018D72E-02DE-4E1A-A88C-E71D8CE8EAFF}.Debug|x86.Build.0 = Debug|Win32
		{2018D72E-02DE-4E1A-A88C-E71D8CE8EAFF}.Release|x64.ActiveCfg = Release|x64
		{2018D72E-02DE-4E1A-A88C-E71D8CE8EAFF}.Release|x64.Build.0 = Release|x64
		{2018D72E-02DE-4E1A-A88C-E71D8CE8EAFF}.Release|x86.ActiveCfg = Release|Win32
		{2018D72E-02DE-4E1A-A88C-E71D8CE8EAFF}.Release|x86.Build.0 = Release|Win32
	EndGlobalSection
	GlobalSection(SolutionProperties) = preSolution
		HideSolutionNode = FALSE
	EndGlobalSection
	GlobalSection(ExtensibilityGlobals) = postSolution
		SolutionGuid = {04A84625-D9C9-40AE-8FF4-4BC1A786D96B}
	EndGlobalSection
EndGlobal
